
Microsoft Visual Studio Solution File, Format Version 12.00
# Visual Studio 15
VisualStudioVersion = 15.0.28307.106
MinimumVisualStudioVersion = 10.0.40219.1
Project("{8BC9CEB8-8B4A-11D0-8D11-00A0C91BC942}") = "TestVSGit", "TestVSGit.vcxproj", "{D967BF68-01C6-46A9-A0C0-5F3A9EFED465}"
EndProject
Global
	GlobalSection(SolutionConfigurationPlatforms) = preSolution
		Debug|x64 = Debug|x64
		Debug|x86 = Debug|x86
		Release|x64 = Release|x64
		Release|x86 = Release|x86
	EndGlobalSection
	GlobalSection(ProjectConfigurationPlatforms) = postSolution
		{D967BF68-01C6-46A9-A0C0-5F3A9EFED465}.Debug|x64.ActiveCfg = Debug|x64
		{D967BF68-01C6-46A9-A0C0-5F3A9EFED465}.Debug|x64.Build.0 = Debug|x64
		{D967BF68-01C6-46A9-A0C0-5F3A9EFED465}.Debug|x86.ActiveCfg = Debug|Win32
		{D967BF68-01C6-46A9-A0C0-5F3A9EFED465}.Debug|x86.Build.0 = Debug|Win32
		{D967BF68-01C6-46A9-A0C0-5F3A9EFED465}.Release|x64.ActiveCfg = Release|x64
		{D967BF68-01C6-46A9-A0C0-5F3A9EFED465}.Release|x64.Build.0 = Release|x64
		{D967BF68-01C6-46A9-A0C0-5F3A9EFED465}.Release|x86.ActiveCfg = Release|Win32
		{D967BF68-01C6-46A9-A0C0-5F3A9EFED465}.Release|x86.Build.0 = Release|Win32
	EndGlobalSection
	GlobalSection(SolutionProperties) = preSolution
		HideSolutionNode = FALSE
	EndGlobalSection
	GlobalSection(ExtensibilityGlobals) = postSolution
		SolutionGuid = {AD4FCD0D-8319-4DAC-A18F-694213E3DDA6}
	EndGlobalSection
EndGlobal
